
Microsoft Visual Studio Solution File, Format Version 12.00
# Visual Studio Version 17
VisualStudioVersion = 17.3.32922.545
MinimumVisualStudioVersion = 10.0.40219.1
Project("{FAE04EC0-301F-11D3-BF4B-00C04F79EFBC}") = "SingleSignONSAMLResponse", "SingleSignONSAMLResponse.csproj", "{F98F632C-8B6F-454B-9991-BF349F18266D}"
EndProject
Global
	GlobalSection(SolutionConfigurationPlatforms) = preSolution
		Debug|Any CPU = Debug|Any CPU
		Release|Any CPU = Release|Any CPU
	EndGlobalSection
	GlobalSection(ProjectConfigurationPlatforms) = postSolution
		{F98F632C-8B6F-454B-9991-BF349F18266D}.Debug|Any CPU.ActiveCfg = Debug|Any CPU
		{F98F632C-8B6F-454B-9991-BF349F18266D}.Debug|Any CPU.Build.0 = Debug|Any CPU
		{F98F632C-8B6F-454B-9991-BF349F18266D}.Release|Any CPU.ActiveCfg = Release|Any CPU
		{F98F632C-8B6F-454B-9991-BF349F18266D}.Release|Any CPU.Build.0 = Release|Any CPU
	EndGlobalSection
	GlobalSection(SolutionProperties) = preSolution
		HideSolutionNode = FALSE
	EndGlobalSection
	GlobalSection(ExtensibilityGlobals) = postSolution
		SolutionGuid = {926CDC99-6BD5-46FC-80E2-FA77696968DD}
	EndGlobalSection
EndGlobal
